
Microsoft Visual Studio Solution File, Format Version 12.00
# Visual Studio 15
VisualStudioVersion = 15.0.28307.1927
MinimumVisualStudioVersion = 10.0.40219.1
Project("{FAE04EC0-301F-11D3-BF4B-00C04F79EFBC}") = "WebApplication1", "WebApplication1\WebApplication1.csproj", "{1F63C36E-C98F-4470-93E8-E4B37B4DD57C}"
EndProject
Global
	GlobalSection(SolutionConfigurationPlatforms) = preSolution
		Debug|Any CPU = Debug|Any CPU
		Release|Any CPU = Release|Any CPU
	EndGlobalSection
	GlobalSection(ProjectConfigurationPlatforms) = postSolution
		{1F63C36E-C98F-4470-93E8-E4B37B4DD57C}.Debug|Any CPU.ActiveCfg = Debug|Any CPU
		{1F63C36E-C98F-4470-93E8-E4B37B4DD57C}.Debug|Any CPU.Build.0 = Debug|Any CPU
		{1F63C36E-C98F-4470-93E8-E4B37B4DD57C}.Release|Any CPU.ActiveCfg = Release|Any CPU
		{1F63C36E-C98F-4470-93E8-E4B37B4DD57C}.Release|Any CPU.Build.0 = Release|Any CPU
	EndGlobalSection
	GlobalSection(SolutionProperties) = preSolution
		HideSolutionNode = FALSE
	EndGlobalSection
	GlobalSection(ExtensibilityGlobals) = postSolution
		SolutionGuid = {40C201A2-F49F-4E8C-AFD3-4026C7DA3A49}
	EndGlobalSection
EndGlobal
